
Microsoft Visual Studio Solution File, Format Version 12.00
# Visual Studio Version 16
VisualStudioVersion = 16.0.29728.190
MinimumVisualStudioVersion = 10.0.40219.1
Project("{9A19103F-16F7-4668-BE54-9A1E7A4F7556}") = "TrainTickets.Api", "src\TrainTickets.Api\TrainTickets.Api.csproj", "{D57CBC9D-B73B-4D1D-8DF0-74F0DEB71D3A}"
EndProject
Project("{9A19103F-16F7-4668-BE54-9A1E7A4F7556}") = "Tickets.Web", "src\Tickets.Web\Tickets.Web\Tickets.Web.csproj", "{88DB86A5-51D9-4D1B-826F-D81ADA429D3A}"
EndProject
Global
	GlobalSection(SolutionConfigurationPlatforms) = preSolution
		Debug|Any CPU = Debug|Any CPU
		Release|Any CPU = Release|Any CPU
	EndGlobalSection
	GlobalSection(ProjectConfigurationPlatforms) = postSolution
		{D57CBC9D-B73B-4D1D-8DF0-74F0DEB71D3A}.Debug|Any CPU.ActiveCfg = Debug|Any CPU
		{D57CBC9D-B73B-4D1D-8DF0-74F0DEB71D3A}.Debug|Any CPU.Build.0 = Debug|Any CPU
		{D57CBC9D-B73B-4D1D-8DF0-74F0DEB71D3A}.Release|Any CPU.ActiveCfg = Release|Any CPU
		{D57CBC9D-B73B-4D1D-8DF0-74F0DEB71D3A}.Release|Any CPU.Build.0 = Release|Any CPU
		{88DB86A5-51D9-4D1B-826F-D81ADA429D3A}.Debug|Any CPU.ActiveCfg = Debug|Any CPU
		{88DB86A5-51D9-4D1B-826F-D81ADA429D3A}.Debug|Any CPU.Build.0 = Debug|Any CPU
		{88DB86A5-51D9-4D1B-826F-D81ADA429D3A}.Release|Any CPU.ActiveCfg = Release|Any CPU
		{88DB86A5-51D9-4D1B-826F-D81ADA429D3A}.Release|Any CPU.Build.0 = Release|Any CPU
	EndGlobalSection
	GlobalSection(SolutionProperties) = preSolution
		HideSolutionNode = FALSE
	EndGlobalSection
	GlobalSection(ExtensibilityGlobals) = postSolution
		SolutionGuid = {50A5839C-1B9E-43E4-9B3C-4A3887679A3A}
	EndGlobalSection
EndGlobal
