
Microsoft Visual Studio Solution File, Format Version 12.00
# Visual Studio Version 16
VisualStudioVersion = 16.0.29905.134
MinimumVisualStudioVersion = 10.0.40219.1
Project("{FAE04EC0-301F-11D3-BF4B-00C04F79EFBC}") = "Tickets.Web", "Tickets.Web\Tickets.Web.csproj", "{1438FF37-43DF-4DA0-A10C-BBD03DB655F1}"
EndProject
Global
	GlobalSection(SolutionConfigurationPlatforms) = preSolution
		Debug|Any CPU = Debug|Any CPU
		Release|Any CPU = Release|Any CPU
	EndGlobalSection
	GlobalSection(ProjectConfigurationPlatforms) = postSolution
		{1438FF37-43DF-4DA0-A10C-BBD03DB655F1}.Debug|Any CPU.ActiveCfg = Debug|Any CPU
		{1438FF37-43DF-4DA0-A10C-BBD03DB655F1}.Debug|Any CPU.Build.0 = Debug|Any CPU
		{1438FF37-43DF-4DA0-A10C-BBD03DB655F1}.Release|Any CPU.ActiveCfg = Release|Any CPU
		{1438FF37-43DF-4DA0-A10C-BBD03DB655F1}.Release|Any CPU.Build.0 = Release|Any CPU
	EndGlobalSection
	GlobalSection(SolutionProperties) = preSolution
		HideSolutionNode = FALSE
	EndGlobalSection
	GlobalSection(ExtensibilityGlobals) = postSolution
		SolutionGuid = {1B2DBA2A-689E-4E8B-873B-01B14EF8BFF9}
	EndGlobalSection
EndGlobal
